
Microsoft Visual Studio Solution File, Format Version 12.00
# Visual Studio 2012
Project("{2150E333-8FDC-42A3-9474-1A3956D46DE8}") = ".nuget", ".nuget", "{EB579702-34CF-47BA-89E3-4E930C58AB34}"
	ProjectSection(SolutionItems) = preProject
		.nuget\NuGet.Config = .nuget\NuGet.Config
		.nuget\NuGet.exe = .nuget\NuGet.exe
		.nuget\NuGet.targets = .nuget\NuGet.targets
	EndProjectSection
EndProject
Project("{2150E333-8FDC-42A3-9474-1A3956D46DE8}") = "Externals", "Externals", "{36839C5C-87EA-4E9E-B771-0876DA4DCCBF}"
EndProject
Project("{8BC9CEB8-8B4A-11D0-8D11-00A0C91BC942}") = "expat", "..\core\externals\expat\expat_wp8.vcxproj", "{BEDB7DDC-B4A1-4B00-A17D-F8D5130CDADD}"
EndProject
Project("{8BC9CEB8-8B4A-11D0-8D11-00A0C91BC942}") = "freetype", "..\core\externals\freetype\freetype_wp8.vcxproj", "{8B51F873-C975-4CD1-9BCB-1AB46DCF11AF}"
EndProject
Project("{8BC9CEB8-8B4A-11D0-8D11-00A0C91BC942}") = "giflib", "..\core\externals\giflib\giflib_wp8.vcxproj", "{E47D2892-ED07-49B7-BA3B-BC9DA99673B5}"
EndProject
Project("{8BC9CEB8-8B4A-11D0-8D11-00A0C91BC942}") = "harfbuzz", "..\core\externals\harfbuzz\harfbuzz_wp8.vcxproj", "{E98090E5-46AF-4279-B9DF-F69E62EE5CCE}"
EndProject
Project("{8BC9CEB8-8B4A-11D0-8D11-00A0C91BC942}") = "jpeg", "..\core\externals\jpeg\jpeg_wp8.vcxproj", "{FE5E17EF-149F-4760-9D0A-45A855749D17}"
EndProject
Project("{8BC9CEB8-8B4A-11D0-8D11-00A0C91BC942}") = "libpng", "..\core\externals\libpng\libpng_wp8.vcxproj", "{CDE91EF3-9C7A-4EB0-938D-24A726E9E635}"
	ProjectSection(ProjectDependencies) = postProject
		{0AA1EE83-8554-47DE-A7CF-544619A3D209} = {0AA1EE83-8554-47DE-A7CF-544619A3D209}
	EndProjectSection
EndProject
Project("{8BC9CEB8-8B4A-11D0-8D11-00A0C91BC942}") = "zlib", "..\core\externals\zlib\zlib_wp8.vcxproj", "{0AA1EE83-8554-47DE-A7CF-544619A3D209}"
EndProject
Project("{8BC9CEB8-8B4A-11D0-8D11-00A0C91BC942}") = "skia", "..\core\externals\skia\skia_wp8.vcxproj", "{C8654AC8-B707-45A0-A838-355E247220D8}"
	ProjectSection(ProjectDependencies) = postProject
		{8B51F873-C975-4CD1-9BCB-1AB46DCF11AF} = {8B51F873-C975-4CD1-9BCB-1AB46DCF11AF}
		{E47D2892-ED07-49B7-BA3B-BC9DA99673B5} = {E47D2892-ED07-49B7-BA3B-BC9DA99673B5}
		{BEDB7DDC-B4A1-4B00-A17D-F8D5130CDADD} = {BEDB7DDC-B4A1-4B00-A17D-F8D5130CDADD}
		{E98090E5-46AF-4279-B9DF-F69E62EE5CCE} = {E98090E5-46AF-4279-B9DF-F69E62EE5CCE}
		{FE5E17EF-149F-4760-9D0A-45A855749D17} = {FE5E17EF-149F-4760-9D0A-45A855749D17}
		{CDE91EF3-9C7A-4EB0-938D-24A726E9E635} = {CDE91EF3-9C7A-4EB0-938D-24A726E9E635}
	EndProjectSection
EndProject
Project("{8BC9CEB8-8B4A-11D0-8D11-00A0C91BC942}") = "protobuf", "..\core\externals\protobuf\protobuf_wp8.vcxproj", "{447A0949-EDB6-4681-8532-EF2FBF25D313}"
EndProject
Project("{8BC9CEB8-8B4A-11D0-8D11-00A0C91BC942}") = "OsmAndCore", "..\core\OsmAndCore_wp8.vcxproj", "{76B6346B-9BCB-4953-9DF7-1D7B07D6952E}"
	ProjectSection(ProjectDependencies) = postProject
		{447A0949-EDB6-4681-8532-EF2FBF25D313} = {447A0949-EDB6-4681-8532-EF2FBF25D313}
		{C8654AC8-B707-45A0-A838-355E247220D8} = {C8654AC8-B707-45A0-A838-355E247220D8}
	EndProjectSection
EndProject
Project("{FAE04EC0-301F-11D3-BF4B-00C04F79EFBC}") = "OsmAnd", "OsmAnd\OsmAnd.csproj", "{DDFC9D98-742E-4E9B-A51F-A01FDDF7583E}"
EndProject
Project("{8BC9CEB8-8B4A-11D0-8D11-00A0C91BC942}") = "OsmAndNativeComponent", "OsmAndNativeComponent\OsmAndNativeComponent.vcxproj", "{B05B65E4-0159-4A5B-B6A3-B73CF14E405B}"
EndProject
Global
	GlobalSection(SolutionConfigurationPlatforms) = preSolution
		Debug|ARM = Debug|ARM
		Debug|x86 = Debug|x86
		Release|ARM = Release|ARM
		Release|x86 = Release|x86
	EndGlobalSection
	GlobalSection(ProjectConfigurationPlatforms) = postSolution
		{BEDB7DDC-B4A1-4B00-A17D-F8D5130CDADD}.Debug|ARM.ActiveCfg = Debug|ARM
		{BEDB7DDC-B4A1-4B00-A17D-F8D5130CDADD}.Debug|ARM.Build.0 = Debug|ARM
		{BEDB7DDC-B4A1-4B00-A17D-F8D5130CDADD}.Debug|x86.ActiveCfg = Debug|Win32
		{BEDB7DDC-B4A1-4B00-A17D-F8D5130CDADD}.Debug|x86.Build.0 = Debug|Win32
		{BEDB7DDC-B4A1-4B00-A17D-F8D5130CDADD}.Release|ARM.ActiveCfg = Release|ARM
		{BEDB7DDC-B4A1-4B00-A17D-F8D5130CDADD}.Release|ARM.Build.0 = Release|ARM
		{BEDB7DDC-B4A1-4B00-A17D-F8D5130CDADD}.Release|x86.ActiveCfg = Release|Win32
		{BEDB7DDC-B4A1-4B00-A17D-F8D5130CDADD}.Release|x86.Build.0 = Release|Win32
		{8B51F873-C975-4CD1-9BCB-1AB46DCF11AF}.Debug|ARM.ActiveCfg = Debug|ARM
		{8B51F873-C975-4CD1-9BCB-1AB46DCF11AF}.Debug|ARM.Build.0 = Debug|ARM
		{8B51F873-C975-4CD1-9BCB-1AB46DCF11AF}.Debug|x86.ActiveCfg = Debug|Win32
		{8B51F873-C975-4CD1-9BCB-1AB46DCF11AF}.Debug|x86.Build.0 = Debug|Win32
		{8B51F873-C975-4CD1-9BCB-1AB46DCF11AF}.Release|ARM.ActiveCfg = Release|ARM
		{8B51F873-C975-4CD1-9BCB-1AB46DCF11AF}.Release|ARM.Build.0 = Release|ARM
		{8B51F873-C975-4CD1-9BCB-1AB46DCF11AF}.Release|x86.ActiveCfg = Release|Win32
		{8B51F873-C975-4CD1-9BCB-1AB46DCF11AF}.Release|x86.Build.0 = Release|Win32
		{E47D2892-ED07-49B7-BA3B-BC9DA99673B5}.Debug|ARM.ActiveCfg = Debug|ARM
		{E47D2892-ED07-49B7-BA3B-BC9DA99673B5}.Debug|ARM.Build.0 = Debug|ARM
		{E47D2892-ED07-49B7-BA3B-BC9DA99673B5}.Debug|x86.ActiveCfg = Debug|Win32
		{E47D2892-ED07-49B7-BA3B-BC9DA99673B5}.Debug|x86.Build.0 = Debug|Win32
		{E47D2892-ED07-49B7-BA3B-BC9DA99673B5}.Release|ARM.ActiveCfg = Release|ARM
		{E47D2892-ED07-49B7-BA3B-BC9DA99673B5}.Release|ARM.Build.0 = Release|ARM
		{E47D2892-ED07-49B7-BA3B-BC9DA99673B5}.Release|x86.ActiveCfg = Release|Win32
		{E47D2892-ED07-49B7-BA3B-BC9DA99673B5}.Release|x86.Build.0 = Release|Win32
		{E98090E5-46AF-4279-B9DF-F69E62EE5CCE}.Debug|ARM.ActiveCfg = Debug|ARM
		{E98090E5-46AF-4279-B9DF-F69E62EE5CCE}.Debug|ARM.Build.0 = Debug|ARM
		{E98090E5-46AF-4279-B9DF-F69E62EE5CCE}.Debug|x86.ActiveCfg = Debug|Win32
		{E98090E5-46AF-4279-B9DF-F69E62EE5CCE}.Debug|x86.Build.0 = Debug|Win32
		{E98090E5-46AF-4279-B9DF-F69E62EE5CCE}.Release|ARM.ActiveCfg = Release|ARM
		{E98090E5-46AF-4279-B9DF-F69E62EE5CCE}.Release|ARM.Build.0 = Release|ARM
		{E98090E5-46AF-4279-B9DF-F69E62EE5CCE}.Release|x86.ActiveCfg = Release|Win32
		{E98090E5-46AF-4279-B9DF-F69E62EE5CCE}.Release|x86.Build.0 = Release|Win32
		{FE5E17EF-149F-4760-9D0A-45A855749D17}.Debug|ARM.ActiveCfg = Debug|ARM
		{FE5E17EF-149F-4760-9D0A-45A855749D17}.Debug|ARM.Build.0 = Debug|ARM
		{FE5E17EF-149F-4760-9D0A-45A855749D17}.Debug|x86.ActiveCfg = Debug|Win32
		{FE5E17EF-149F-4760-9D0A-45A855749D17}.Debug|x86.Build.0 = Debug|Win32
		{FE5E17EF-149F-4760-9D0A-45A855749D17}.Release|ARM.ActiveCfg = Release|ARM
		{FE5E17EF-149F-4760-9D0A-45A855749D17}.Release|ARM.Build.0 = Release|ARM
		{FE5E17EF-149F-4760-9D0A-45A855749D17}.Release|x86.ActiveCfg = Release|Win32
		{FE5E17EF-149F-4760-9D0A-45A855749D17}.Release|x86.Build.0 = Release|Win32
		{CDE91EF3-9C7A-4EB0-938D-24A726E9E635}.Debug|ARM.ActiveCfg = Debug|ARM
		{CDE91EF3-9C7A-4EB0-938D-24A726E9E635}.Debug|ARM.Build.0 = Debug|ARM
		{CDE91EF3-9C7A-4EB0-938D-24A726E9E635}.Debug|x86.ActiveCfg = Debug|Win32
		{CDE91EF3-9C7A-4EB0-938D-24A726E9E635}.Debug|x86.Build.0 = Debug|Win32
		{CDE91EF3-9C7A-4EB0-938D-24A726E9E635}.Release|ARM.ActiveCfg = Release|ARM
		{CDE91EF3-9C7A-4EB0-938D-24A726E9E635}.Release|ARM.Build.0 = Release|ARM
		{CDE91EF3-9C7A-4EB0-938D-24A726E9E635}.Release|x86.ActiveCfg = Release|Win32
		{CDE91EF3-9C7A-4EB0-938D-24A726E9E635}.Release|x86.Build.0 = Release|Win32
		{0AA1EE83-8554-47DE-A7CF-544619A3D209}.Debug|ARM.ActiveCfg = Debug|ARM
		{0AA1EE83-8554-47DE-A7CF-544619A3D209}.Debug|ARM.Build.0 = Debug|ARM
		{0AA1EE83-8554-47DE-A7CF-544619A3D209}.Debug|x86.ActiveCfg = Debug|Win32
		{0AA1EE83-8554-47DE-A7CF-544619A3D209}.Debug|x86.Build.0 = Debug|Win32
		{0AA1EE83-8554-47DE-A7CF-544619A3D209}.Release|ARM.ActiveCfg = Release|ARM
		{0AA1EE83-8554-47DE-A7CF-544619A3D209}.Release|ARM.Build.0 = Release|ARM
		{0AA1EE83-8554-47DE-A7CF-544619A3D209}.Release|x86.ActiveCfg = Release|Win32
		{0AA1EE83-8554-47DE-A7CF-544619A3D209}.Release|x86.Build.0 = Release|Win32
		{C8654AC8-B707-45A0-A838-355E247220D8}.Debug|ARM.ActiveCfg = Debug|ARM
		{C8654AC8-B707-45A0-A838-355E247220D8}.Debug|ARM.Build.0 = Debug|ARM
		{C8654AC8-B707-45A0-A838-355E247220D8}.Debug|x86.ActiveCfg = Debug|Win32
		{C8654AC8-B707-45A0-A838-355E247220D8}.Debug|x86.Build.0 = Debug|Win32
		{C8654AC8-B707-45A0-A838-355E247220D8}.Release|ARM.ActiveCfg = Release|ARM
		{C8654AC8-B707-45A0-A838-355E247220D8}.Release|ARM.Build.0 = Release|ARM
		{C8654AC8-B707-45A0-A838-355E247220D8}.Release|x86.ActiveCfg = Release|Win32
		{C8654AC8-B707-45A0-A838-355E247220D8}.Release|x86.Build.0 = Release|Win32
		{447A0949-EDB6-4681-8532-EF2FBF25D313}.Debug|ARM.ActiveCfg = Debug|ARM
		{447A0949-EDB6-4681-8532-EF2FBF25D313}.Debug|ARM.Build.0 = Debug|ARM
		{447A0949-EDB6-4681-8532-EF2FBF25D313}.Debug|x86.ActiveCfg = Debug|Win32
		{447A0949-EDB6-4681-8532-EF2FBF25D313}.Debug|x86.Build.0 = Debug|Win32
		{447A0949-EDB6-4681-8532-EF2FBF25D313}.Release|ARM.ActiveCfg = Release|ARM
		{447A0949-EDB6-4681-8532-EF2FBF25D313}.Release|ARM.Build.0 = Release|ARM
		{447A0949-EDB6-4681-8532-EF2FBF25D313}.Release|x86.ActiveCfg = Release|Win32
		{447A0949-EDB6-4681-8532-EF2FBF25D313}.Release|x86.Build.0 = Release|Win32
		{76B6346B-9BCB-4953-9DF7-1D7B07D6952E}.Debug|ARM.ActiveCfg = Debug|ARM
		{76B6346B-9BCB-4953-9DF7-1D7B07D6952E}.Debug|ARM.Build.0 = Debug|ARM
		{76B6346B-9BCB-4953-9DF7-1D7B07D6952E}.Debug|x86.ActiveCfg = Debug|Win32
		{76B6346B-9BCB-4953-9DF7-1D7B07D6952E}.Debug|x86.Build.0 = Debug|Win32
		{76B6346B-9BCB-4953-9DF7-1D7B07D6952E}.Release|ARM.ActiveCfg = Release|ARM
		{76B6346B-9BCB-4953-9DF7-1D7B07D6952E}.Release|ARM.Build.0 = Release|ARM
		{76B6346B-9BCB-4953-9DF7-1D7B07D6952E}.Release|x86.ActiveCfg = Release|Win32
		{76B6346B-9BCB-4953-9DF7-1D7B07D6952E}.Release|x86.Build.0 = Release|Win32
		{DDFC9D98-742E-4E9B-A51F-A01FDDF7583E}.Debug|ARM.ActiveCfg = Debug|ARM
		{DDFC9D98-742E-4E9B-A51F-A01FDDF7583E}.Debug|ARM.Build.0 = Debug|ARM
		{DDFC9D98-742E-4E9B-A51F-A01FDDF7583E}.Debug|ARM.Deploy.0 = Debug|ARM
		{DDFC9D98-742E-4E9B-A51F-A01FDDF7583E}.Debug|x86.ActiveCfg = Debug|x86
		{DDFC9D98-742E-4E9B-A51F-A01FDDF7583E}.Debug|x86.Build.0 = Debug|x86
		{DDFC9D98-742E-4E9B-A51F-A01FDDF7583E}.Debug|x86.Deploy.0 = Debug|x86
		{DDFC9D98-742E-4E9B-A51F-A01FDDF7583E}.Release|ARM.ActiveCfg = Release|ARM
		{DDFC9D98-742E-4E9B-A51F-A01FDDF7583E}.Release|ARM.Build.0 = Release|ARM
		{DDFC9D98-742E-4E9B-A51F-A01FDDF7583E}.Release|ARM.Deploy.0 = Release|ARM
		{DDFC9D98-742E-4E9B-A51F-A01FDDF7583E}.Release|x86.ActiveCfg = Release|x86
		{DDFC9D98-742E-4E9B-A51F-A01FDDF7583E}.Release|x86.Build.0 = Release|x86
		{DDFC9D98-742E-4E9B-A51F-A01FDDF7583E}.Release|x86.Deploy.0 = Release|x86
		{B05B65E4-0159-4A5B-B6A3-B73CF14E405B}.Debug|ARM.ActiveCfg = Debug|ARM
		{B05B65E4-0159-4A5B-B6A3-B73CF14E405B}.Debug|ARM.Build.0 = Debug|ARM
		{B05B65E4-0159-4A5B-B6A3-B73CF14E405B}.Debug|x86.ActiveCfg = Debug|Win32
		{B05B65E4-0159-4A5B-B6A3-B73CF14E405B}.Debug|x86.Build.0 = Debug|Win32
		{B05B65E4-0159-4A5B-B6A3-B73CF14E405B}.Release|ARM.ActiveCfg = Release|ARM
		{B05B65E4-0159-4A5B-B6A3-B73CF14E405B}.Release|ARM.Build.0 = Release|ARM
		{B05B65E4-0159-4A5B-B6A3-B73CF14E405B}.Release|x86.ActiveCfg = Release|Win32
		{B05B65E4-0159-4A5B-B6A3-B73CF14E405B}.Release|x86.Build.0 = Release|Win32
	EndGlobalSection
	GlobalSection(SolutionProperties) = preSolution
		HideSolutionNode = FALSE
	EndGlobalSection
	GlobalSection(NestedProjects) = preSolution
		{BEDB7DDC-B4A1-4B00-A17D-F8D5130CDADD} = {36839C5C-87EA-4E9E-B771-0876DA4DCCBF}
		{8B51F873-C975-4CD1-9BCB-1AB46DCF11AF} = {36839C5C-87EA-4E9E-B771-0876DA4DCCBF}
		{E47D2892-ED07-49B7-BA3B-BC9DA99673B5} = {36839C5C-87EA-4E9E-B771-0876DA4DCCBF}
		{E98090E5-46AF-4279-B9DF-F69E62EE5CCE} = {36839C5C-87EA-4E9E-B771-0876DA4DCCBF}
		{FE5E17EF-149F-4760-9D0A-45A855749D17} = {36839C5C-87EA-4E9E-B771-0876DA4DCCBF}
		{CDE91EF3-9C7A-4EB0-938D-24A726E9E635} = {36839C5C-87EA-4E9E-B771-0876DA4DCCBF}
		{0AA1EE83-8554-47DE-A7CF-544619A3D209} = {36839C5C-87EA-4E9E-B771-0876DA4DCCBF}
		{C8654AC8-B707-45A0-A838-355E247220D8} = {36839C5C-87EA-4E9E-B771-0876DA4DCCBF}
		{447A0949-EDB6-4681-8532-EF2FBF25D313} = {36839C5C-87EA-4E9E-B771-0876DA4DCCBF}
	EndGlobalSection
EndGlobal
